// !$*UTF8*$!
{
	archiveVersion = 1;
	classes = {
	};
	objectVersion = 50;
	objects = {

/* Begin PBXBuildFile section */
		3D0B590622DF1A16008CA63C /* AppDelegate.m in Sources */ = {isa = PBXBuildFile; fileRef = 3D0B590522DF1A16008CA63C /* AppDelegate.m */; };
		3D0B590922DF1A16008CA63C /* ViewController.m in Sources */ = {isa = PBXBuildFile; fileRef = 3D0B590822DF1A16008CA63C /* ViewController.m */; };
		3D0B590C22DF1A16008CA63C /* Main.storyboard in Resources */ = {isa = PBXBuildFile; fileRef = 3D0B590A22DF1A16008CA63C /* Main.storyboard */; };
		3D0B590E22DF1A19008CA63C /* Assets.xcassets in Resources */ = {isa = PBXBuildFile; fileRef = 3D0B590D22DF1A19008CA63C /* Assets.xcassets */; };
		3D0B591122DF1A19008CA63C /* LaunchScreen.storyboard in Resources */ = {isa = PBXBuildFile; fileRef = 3D0B590F22DF1A19008CA63C /* LaunchScreen.storyboard */; };
		3D0B591422DF1A19008CA63C /* main.m in Sources */ = {isa = PBXBuildFile; fileRef = 3D0B591322DF1A19008CA63C /* main.m */; };
		3D0B592122DF1A3E008CA63C /* AppDelegate.swift in Sources */ = {isa = PBXBuildFile; fileRef = 3D0B592022DF1A3E008CA63C /* AppDelegate.swift */; };
		3D0B592322DF1A3E008CA63C /* ViewController.swift in Sources */ = {isa = PBXBuildFile; fileRef = 3D0B592222DF1A3E008CA63C /* ViewController.swift */; };
		3D0B592622DF1A3E008CA63C /* Main.storyboard in Resources */ = {isa = PBXBuildFile; fileRef = 3D0B592422DF1A3E008CA63C /* Main.storyboard */; };
		3D0B592822DF1A40008CA63C /* Assets.xcassets in Resources */ = {isa = PBXBuildFile; fileRef = 3D0B592722DF1A40008CA63C /* Assets.xcassets */; };
		3D0B592B22DF1A40008CA63C /* LaunchScreen.storyboard in Resources */ = {isa = PBXBuildFile; fileRef = 3D0B592922DF1A40008CA63C /* LaunchScreen.storyboard */; };
		3D2C162226A80D7600430344 /* OperationQueueManager.m in Sources */ = {isa = PBXBuildFile; fileRef = 3D2C162126A80D7600430344 /* OperationQueueManager.m */; };
		3D2C162426AA934700430344 /* OperationQueueManager.swift in Sources */ = {isa = PBXBuildFile; fileRef = 3D2C162326AA934700430344 /* OperationQueueManager.swift */; };
/* End PBXBuildFile section */

/* Begin PBXFileReference section */
		3D0B590122DF1A16008CA63C /* GCDDemo.app */ = {isa = PBXFileReference; explicitFileType = wrapper.application; includeInIndex = 0; path = GCDDemo.app; sourceTree = BUILT_PRODUCTS_DIR; };
		3D0B590422DF1A16008CA63C /* AppDelegate.h */ = {isa = PBXFileReference; lastKnownFileType = sourcecode.c.h; path = AppDelegate.h; sourceTree = "<group>"; };
		3D0B590522DF1A16008CA63C /* AppDelegate.m */ = {isa = PBXFileReference; lastKnownFileType = sourcecode.c.objc; path = AppDelegate.m; sourceTree = "<group>"; };
		3D0B590722DF1A16008CA63C /* ViewController.h */ = {isa = PBXFileReference; lastKnownFileType = sourcecode.c.h; path = ViewController.h; sourceTree = "<group>"; };
		3D0B590822DF1A16008CA63C /* ViewController.m */ = {isa = PBXFileReference; lastKnownFileType = sourcecode.c.objc; path = ViewController.m; sourceTree = "<group>"; };
		3D0B590B22DF1A16008CA63C /* Base */ = {isa = PBXFileReference; lastKnownFileType = file.storyboard; name = Base; path = Base.lproj/Main.storyboard; sourceTree = "<group>"; };
		3D0B590D22DF1A19008CA63C /* Assets.xcassets */ = {isa = PBXFileReference; lastKnownFileType = folder.assetcatalog; path = Assets.xcassets; sourceTree = "<group>"; };
		3D0B591022DF1A19008CA63C /* Base */ = {isa = PBXFileReference; lastKnownFileType = file.storyboard; name = Base; path = Base.lproj/LaunchScreen.storyboard; sourceTree = "<group>"; };
		3D0B591222DF1A19008CA63C /* Info.plist */ = {isa = PBXFileReference; lastKnownFileType = text.plist.xml; path = Info.plist; sourceTree = "<group>"; };
		3D0B591322DF1A19008CA63C /* main.m */ = {isa = PBXFileReference; lastKnownFileType = sourcecode.c.objc; path = main.m; sourceTree = "<group>"; };
		3D0B591E22DF1A3E008CA63C /* GCDDemo-Swfit.app */ = {isa = PBXFileReference; explicitFileType = wrapper.application; includeInIndex = 0; path = "GCDDemo-Swfit.app"; sourceTree = BUILT_PRODUCTS_DIR; };
		3D0B592022DF1A3E008CA63C /* AppDelegate.swift */ = {isa = PBXFileReference; lastKnownFileType = sourcecode.swift; path = AppDelegate.swift; sourceTree = "<group>"; };
		3D0B592222DF1A3E008CA63C /* ViewController.swift */ = {isa = PBXFileReference; lastKnownFileType = sourcecode.swift; path = ViewController.swift; sourceTree = "<group>"; };
		3D0B592522DF1A3E008CA63C /* Base */ = {isa = PBXFileReference; lastKnownFileType = file.storyboard; name = Base; path = Base.lproj/Main.storyboard; sourceTree = "<group>"; };
		3D0B592722DF1A40008CA63C /* Assets.xcassets */ = {isa = PBXFileReference; lastKnownFileType = folder.assetcatalog; path = Assets.xcassets; sourceTree = "<group>"; };
		3D0B592A22DF1A40008CA63C /* Base */ = {isa = PBXFileReference; lastKnownFileType = file.storyboard; name = Base; path = Base.lproj/LaunchScreen.storyboard; sourceTree = "<group>"; };
		3D0B592C22DF1A40008CA63C /* Info.plist */ = {isa = PBXFileReference; lastKnownFileType = text.plist.xml; path = Info.plist; sourceTree = "<group>"; };
		3D2C162026A80D7600430344 /* OperationQueueManager.h */ = {isa = PBXFileReference; lastKnownFileType = sourcecode.c.h; path = OperationQueueManager.h; sourceTree = "<group>"; };
		3D2C162126A80D7600430344 /* OperationQueueManager.m */ = {isa = PBXFileReference; lastKnownFileType = sourcecode.c.objc; path = OperationQueueManager.m; sourceTree = "<group>"; };
		3D2C162326AA934700430344 /* OperationQueueManager.swift */ = {isa = PBXFileReference; lastKnownFileType = sourcecode.swift; path = OperationQueueManager.swift; sourceTree = "<group>"; };
/* End PBXFileReference section */

/* Begin PBXFrameworksBuildPhase section */
		3D0B58FE22DF1A16008CA63C /* Frameworks */ = {
			isa = PBXFrameworksBuildPhase;
			buildActionMask = 2147483647;
			files = (
			);
			runOnlyForDeploymentPostprocessing = 0;
		};
		3D0B591B22DF1A3E008CA63C /* Frameworks */ = {
			isa = PBXFrameworksBuildPhase;
			buildActionMask = 2147483647;
			files = (
			);
			runOnlyForDeploymentPostprocessing = 0;
		};
/* End PBXFrameworksBuildPhase section */

/* Begin PBXGroup section */
		3D0B58F822DF1A16008CA63C = {
			isa = PBXGroup;
			children = (
				3D0B590322DF1A16008CA63C /* GCDDemo */,
				3D0B591F22DF1A3E008CA63C /* GCDDemo-Swfit */,
				3D0B590222DF1A16008CA63C /* Products */,
			);
			sourceTree = "<group>";
		};
		3D0B590222DF1A16008CA63C /* Products */ = {
			isa = PBXGroup;
			children = (
				3D0B590122DF1A16008CA63C /* GCDDemo.app */,
				3D0B591E22DF1A3E008CA63C /* GCDDemo-Swfit.app */,
			);
			name = Products;
			sourceTree = "<group>";
		};
		3D0B590322DF1A16008CA63C /* GCDDemo */ = {
			isa = PBXGroup;
			children = (
				3D0B590422DF1A16008CA63C /* AppDelegate.h */,
				3D0B590522DF1A16008CA63C /* AppDelegate.m */,
				3D0B590722DF1A16008CA63C /* ViewController.h */,
				3D0B590822DF1A16008CA63C /* ViewController.m */,
				3D0B590A22DF1A16008CA63C /* Main.storyboard */,
				3D0B590D22DF1A19008CA63C /* Assets.xcassets */,
				3D0B590F22DF1A19008CA63C /* LaunchScreen.storyboard */,
				3D0B591222DF1A19008CA63C /* Info.plist */,
				3D0B591322DF1A19008CA63C /* main.m */,
				3D2C162026A80D7600430344 /* OperationQueueManager.h */,
				3D2C162126A80D7600430344 /* OperationQueueManager.m */,
			);
			path = GCDDemo;
			sourceTree = "<group>";
		};
		3D0B591F22DF1A3E008CA63C /* GCDDemo-Swfit */ = {
			isa = PBXGroup;
			children = (
				3D0B592022DF1A3E008CA63C /* AppDelegate.swift */,
				3D0B592222DF1A3E008CA63C /* ViewController.swift */,
				3D0B592422DF1A3E008CA63C /* Main.storyboard */,
				3D0B592722DF1A40008CA63C /* Assets.xcassets */,
				3D0B592922DF1A40008CA63C /* LaunchScreen.storyboard */,
				3D0B592C22DF1A40008CA63C /* Info.plist */,
				3D2C162326AA934700430344 /* OperationQueueManager.swift */,
			);
			path = "GCDDemo-Swfit";
			sourceTree = "<group>";
		};
/* End PBXGroup section */

/* Begin PBXNativeTarget section */
		3D0B590022DF1A16008CA63C /* GCDDemo */ = {
			isa = PBXNativeTarget;
			buildConfigurationList = 3D0B591722DF1A19008CA63C /* Build configuration list for PBXNativeTarget "GCDDemo" */;
			buildPhases = (
				3D0B58FD22DF1A16008CA63C /* Sources */,
				3D0B58FE22DF1A16008CA63C /* Frameworks */,
				3D0B58FF22DF1A16008CA63C /* Resources */,
			);
			buildRules = (
			);
			dependencies = (
			);
			name = GCDDemo;
			productName = GCDDemo;
			productReference = 3D0B590122DF1A16008CA63C /* GCDDemo.app */;
			productType = "com.apple.product-type.application";
		};
		3D0B591D22DF1A3E008CA63C /* GCDDemo-Swfit */ = {
			isa = PBXNativeTarget;
			buildConfigurationList = 3D0B592D22DF1A40008CA63C /* Build configuration list for PBXNativeTarget "GCDDemo-Swfit" */;
			buildPhases = (
				3D0B591A22DF1A3E008CA63C /* Sources */,
				3D0B591B22DF1A3E008CA63C /* Frameworks */,
				3D0B591C22DF1A3E008CA63C /* Resources */,
			);
			buildRules = (
			);
			dependencies = (
			);
			name = "GCDDemo-Swfit";
			productName = "GCDDemo-Swfit";
			productReference = 3D0B591E22DF1A3E008CA63C /* GCDDemo-Swfit.app */;
			productType = "com.apple.product-type.application";
		};
/* End PBXNativeTarget section */

/* Begin PBXProject section */
		3D0B58F922DF1A16008CA63C /* Project object */ = {
			isa = PBXProject;
			attributes = {
				LastSwiftUpdateCheck = 1020;
				LastUpgradeCheck = 1020;
				ORGANIZATIONNAME = "贺文杰";
				TargetAttributes = {
					3D0B590022DF1A16008CA63C = {
						CreatedOnToolsVersion = 10.2.1;
					};
					3D0B591D22DF1A3E008CA63C = {
						CreatedOnToolsVersion = 10.2.1;
					};
				};
			};
			buildConfigurationList = 3D0B58FC22DF1A16008CA63C /* Build configuration list for PBXProject "GCDDemo" */;
			compatibilityVersion = "Xcode 9.3";
			developmentRegion = en;
			hasScannedForEncodings = 0;
			knownRegions = (
				en,
				Base,
			);
			mainGroup = 3D0B58F822DF1A16008CA63C;
			productRefGroup = 3D0B590222DF1A16008CA63C /* Products */;
			projectDirPath = "";
			projectRoot = "";
			targets = (
				3D0B590022DF1A16008CA63C /* GCDDemo */,
				3D0B591D22DF1A3E008CA63C /* GCDDemo-Swfit */,
			);
		};
/* End PBXProject section */

/* Begin PBXResourcesBuildPhase section */
		3D0B58FF22DF1A16008CA63C /* Resources */ = {
			isa = PBXResourcesBuildPhase;
			buildActionMask = 2147483647;
			files = (
				3D0B591122DF1A19008CA63C /* LaunchScreen.storyboard in Resources */,
				3D0B590E22DF1A19008CA63C /* Assets.xcassets in Resources */,
				3D0B590C22DF1A16008CA63C /* Main.storyboard in Resources */,
			);
			runOnlyForDeploymentPostprocessing = 0;
		};
		3D0B591C22DF1A3E008CA63C /* Resources */ = {
			isa = PBXResourcesBuildPhase;
			buildActionMask = 2147483647;
			files = (
				3D0B592B22DF1A40008CA63C /* LaunchScreen.storyboard in Resources */,
				3D0B592822DF1A40008CA63C /* Assets.xcassets in Resources */,
				3D0B592622DF1A3E008CA63C /* Main.storyboard in Resources */,
			);
			runOnlyForDeploymentPostprocessing = 0;
		};
/* End PBXResourcesBuildPhase section */

/* Begin PBXSourcesBuildPhase section */
		3D0B58FD22DF1A16008CA63C /* Sources */ = {
			isa = PBXSourcesBuildPhase;
			buildActionMask = 2147483647;
			files = (
				3D0B590922DF1A16008CA63C /* ViewController.m in Sources */,
				3D0B591422DF1A19008CA63C /* main.m in Sources */,
				3D0B590622DF1A16008CA63C /* AppDelegate.m in Sources */,
				3D2C162226A80D7600430344 /* OperationQueueManager.m in Sources */,
			);
			runOnlyForDeploymentPostprocessing = 0;
		};
		3D0B591A22DF1A3E008CA63C /* Sources */ = {
			isa = PBXSourcesBuildPhase;
			buildActionMask = 2147483647;
			files = (
				3D0B592322DF1A3E008CA63C /* ViewController.swift in Sources */,
				3D0B592122DF1A3E008CA63C /* AppDelegate.swift in Sources */,
				3D2C162426AA934700430344 /* OperationQueueManager.swift in Sources */,
			);
			runOnlyForDeploymentPostprocessing = 0;
		};
/* End PBXSourcesBuildPhase section */

/* Begin PBXVariantGroup section */
		3D0B590A22DF1A16008CA63C /* Main.storyboard */ = {
			isa = PBXVariantGroup;
			children = (
				3D0B590B22DF1A16008CA63C /* Base */,
			);
			name = Main.storyboard;
			sourceTree = "<group>";
		};
		3D0B590F22DF1A19008CA63C /* LaunchScreen.storyboard */ = {
			isa = PBXVariantGroup;
			children = (
				3D0B591022DF1A19008CA63C /* Base */,
			);
			name = LaunchScreen.storyboard;
			sourceTree = "<group>";
		};
		3D0B592422DF1A3E008CA63C /* Main.storyboard */ = {
			isa = PBXVariantGroup;
			children = (
				3D0B592522DF1A3E008CA63C /* Base */,
			);
			name = Main.storyboard;
			sourceTree = "<group>";
		};
		3D0B592922DF1A40008CA63C /* LaunchScreen.storyboard */ = {
			isa = PBXVariantGroup;
			children = (
				3D0B592A22DF1A40008CA63C /* Base */,
			);
			name = LaunchScreen.storyboard;
			sourceTree = "<group>";
		};
/* End PBXVariantGroup section */

/* Begin XCBuildConfiguration section */
		3D0B591522DF1A19008CA63C /* Debug */ = {
			isa = XCBuildConfiguration;
			buildSettings = {
				ALWAYS_SEARCH_USER_PATHS = NO;
				CLANG_ANALYZER_NONNULL = YES;
				CLANG_ANALYZER_NUMBER_OBJECT_CONVERSION = YES_AGGRESSIVE;
				CLANG_CXX_LANGUAGE_STANDARD = "gnu++14";
				CLANG_CXX_LIBRARY = "libc++";
				CLANG_ENABLE_MODULES = YES;
				CLANG_ENABLE_OBJC_ARC = YES;
				CLANG_ENABLE_OBJC_WEAK = YES;
				CLANG_WARN_BLOCK_CAPTURE_AUTORELEASING = YES;
				CLANG_WARN_BOOL_CONVERSION = YES;
				CLANG_WARN_COMMA = YES;
				CLANG_WARN_CONSTANT_CONVERSION = YES;
				CLANG_WARN_DEPRECATED_OBJC_IMPLEMENTATIONS = YES;
				CLANG_WARN_DIRECT_OBJC_ISA_USAGE = YES_ERROR;
				CLANG_WARN_DOCUMENTATION_COMMENTS = YES;
				CLANG_WARN_EMPTY_BODY = YES;
				CLANG_WARN_ENUM_CONVERSION = YES;
				CLANG_WARN_INFINITE_RECURSION = YES;
				CLANG_WARN_INT_CONVERSION = YES;
				CLANG_WARN_NON_LITERAL_NULL_CONVERSION = YES;
				CLANG_WARN_OBJC_IMPLICIT_RETAIN_SELF = YES;
				CLANG_WARN_OBJC_LITERAL_CONVERSION = YES;
				CLANG_WARN_OBJC_ROOT_CLASS = YES_ERROR;
				CLANG_WARN_RANGE_LOOP_ANALYSIS = YES;
				CLANG_WARN_STRICT_PROTOTYPES = YES;
				CLANG_WARN_SUSPICIOUS_MOVE = YES;
				CLANG_WARN_UNGUARDED_AVAILABILITY = YES_AGGRESSIVE;
				CLANG_WARN_UNREACHABLE_CODE = YES;
				CLANG_WARN__DUPLICATE_METHOD_MATCH = YES;
				CODE_SIGN_IDENTITY = "iPhone Developer";
				COPY_PHASE_STRIP = NO;
				DEBUG_INFORMATION_FORMAT = dwarf;
				ENABLE_STRICT_OBJC_MSGSEND = YES;
				ENABLE_TESTABILITY = YES;
				GCC_C_LANGUAGE_STANDARD = gnu11;
				GCC_DYNAMIC_NO_PIC = NO;
				GCC_NO_COMMON_BLOCKS = YES;
				GCC_OPTIMIZATION_LEVEL = 0;
				GCC_PREPROCESSOR_DEFINITIONS = (
					"DEBUG=1",
					"$(inherited)",
				);
				GCC_WARN_64_TO_32_BIT_CONVERSION = YES;
				GCC_WARN_ABOUT_RETURN_TYPE = YES_ERROR;
				GCC_WARN_UNDECLARED_SELECTOR = YES;
				GCC_WARN_UNINITIALIZED_AUTOS = YES_AGGRESSIVE;
				GCC_WARN_UNUSED_FUNCTION = YES;
				GCC_WARN_UNUSED_VARIABLE = YES;
				IPHONEOS_DEPLOYMENT_TARGET = 12.2;
				MTL_ENABLE_DEBUG_INFO = INCLUDE_SOURCE;
				MTL_FAST_MATH = YES;
				ONLY_ACTIVE_ARCH = YES;
				SDKROOT = iphoneos;
			};
			name = Debug;
		};
		3D0B591622DF1A19008CA63C /* Release */ = {
			isa = XCBuildConfiguration;
			buildSettings = {
				ALWAYS_SEARCH_USER_PATHS = NO;
				CLANG_ANALYZER_NONNULL = YES;
				CLANG_ANALYZER_NUMBER_OBJECT_CONVERSION = YES_AGGRESSIVE;
				CLANG_CXX_LANGUAGE_STANDARD = "gnu++14";
				CLANG_CXX_LIBRARY = "libc++";
				CLANG_ENABLE_MODULES = YES;
				CLANG_ENABLE_OBJC_ARC = YES;
				CLANG_ENABLE_OBJC_WEAK = YES;
				CLANG_WARN_BLOCK_CAPTURE_AUTORELEASING = YES;
				CLANG_WARN_BOOL_CONVERSION = YES;
				CLANG_WARN_COMMA = YES;
				CLANG_WARN_CONSTANT_CONVERSION = YES;
				CLANG_WARN_DEPRECATED_OBJC_IMPLEMENTATIONS = YES;
				CLANG_WARN_DIRECT_OBJC_ISA_USAGE = YES_ERROR;
				CLANG_WARN_DOCUMENTATION_COMMENTS = YES;
				CLANG_WARN_EMPTY_BODY = YES;
				CLANG_WARN_ENUM_CONVERSION = YES;
				CLANG_WARN_INFINITE_RECURSION = YES;
				CLANG_WARN_INT_CONVERSION = YES;
				CLANG_WARN_NON_LITERAL_NULL_CONVERSION = YES;
				CLANG_WARN_OBJC_IMPLICIT_RETAIN_SELF = YES;
				CLANG_WARN_OBJC_LITERAL_CONVERSION = YES;
				CLANG_WARN_OBJC_ROOT_CLASS = YES_ERROR;
				CLANG_WARN_RANGE_LOOP_ANALYSIS = YES;
				CLANG_WARN_STRICT_PROTOTYPES = YES;
				CLANG_WARN_SUSPICIOUS_MOVE = YES;
				CLANG_WARN_UNGUARDED_AVAILABILITY = YES_AGGRESSIVE;
				CLANG_WARN_UNREACHABLE_CODE = YES;
				CLANG_WARN__DUPLICATE_METHOD_MATCH = YES;
				CODE_SIGN_IDENTITY = "iPhone Developer";
				COPY_PHASE_STRIP = NO;
				DEBUG_INFORMATION_FORMAT = "dwarf-with-dsym";
				ENABLE_NS_ASSERTIONS = NO;
				ENABLE_STRICT_OBJC_MSGSEND = YES;
				GCC_C_LANGUAGE_STANDARD = gnu11;
				GCC_NO_COMMON_BLOCKS = YES;
				GCC_WARN_64_TO_32_BIT_CONVERSION = YES;
				GCC_WARN_ABOUT_RETURN_TYPE = YES_ERROR;
				GCC_WARN_UNDECLARED_SELECTOR = YES;
				GCC_WARN_UNINITIALIZED_AUTOS = YES_AGGRESSIVE;
				GCC_WARN_UNUSED_FUNCTION = YES;
				GCC_WARN_UNUSED_VARIABLE = YES;
				IPHONEOS_DEPLOYMENT_TARGET = 12.2;
				MTL_ENABLE_DEBUG_INFO = NO;
				MTL_FAST_MATH = YES;
				SDKROOT = iphoneos;
				VALIDATE_PRODUCT = YES;
			};
			name = Release;
		};
		3D0B591822DF1A19008CA63C /* Debug */ = {
			isa = XCBuildConfiguration;
			buildSettings = {
				ASSETCATALOG_COMPILER_APPICON_NAME = AppIcon;
				CODE_SIGN_STYLE = Automatic;
				INFOPLIST_FILE = GCDDemo/Info.plist;
				LD_RUNPATH_SEARCH_PATHS = (
					"$(inherited)",
					"@executable_path/Frameworks",
				);
				PRODUCT_BUNDLE_IDENTIFIER = com.hwj.GCDDemo;
				PRODUCT_NAME = "$(TARGET_NAME)";
				TARGETED_DEVICE_FAMILY = "1,2";
			};
			name = Debug;
		};
		3D0B591922DF1A19008CA63C /* Release */ = {
			isa = XCBuildConfiguration;
			buildSettings = {
				ASSETCATALOG_COMPILER_APPICON_NAME = AppIcon;
				CODE_SIGN_STYLE = Automatic;
				INFOPLIST_FILE = GCDDemo/Info.plist;
				LD_RUNPATH_SEARCH_PATHS = (
					"$(inherited)",
					"@executable_path/Frameworks",
				);
				PRODUCT_BUNDLE_IDENTIFIER = com.hwj.GCDDemo;
				PRODUCT_NAME = "$(TARGET_NAME)";
				TARGETED_DEVICE_FAMILY = "1,2";
			};
			name = Release;
		};
		3D0B592E22DF1A40008CA63C /* Debug */ = {
			isa = XCBuildConfiguration;
			buildSettings = {
				ASSETCATALOG_COMPILER_APPICON_NAME = AppIcon;
				CODE_SIGN_STYLE = Manual;
				DEVELOPMENT_TEAM = "";
				INFOPLIST_FILE = "GCDDemo-Swfit/Info.plist";
				LD_RUNPATH_SEARCH_PATHS = (
					"$(inherited)",
					"@executable_path/Frameworks",
				);
				PRODUCT_BUNDLE_IDENTIFIER = "com.hwj.GCDDemo-Swfit";
				PRODUCT_NAME = "$(TARGET_NAME)";
				PROVISIONING_PROFILE_SPECIFIER = "";
				SWIFT_ACTIVE_COMPILATION_CONDITIONS = DEBUG;
				SWIFT_OPTIMIZATION_LEVEL = "-Onone";
				SWIFT_VERSION = 5.0;
				TARGETED_DEVICE_FAMILY = "1,2";
			};
			name = Debug;
		};
		3D0B592F22DF1A40008CA63C /* Release */ = {
			isa = XCBuildConfiguration;
			buildSettings = {
				ASSETCATALOG_COMPILER_APPICON_NAME = AppIcon;
				CODE_SIGN_STYLE = Manual;
				DEVELOPMENT_TEAM = "";
				INFOPLIST_FILE = "GCDDemo-Swfit/Info.plist";
				LD_RUNPATH_SEARCH_PATHS = (
					"$(inherited)",
					"@executable_path/Frameworks",
				);
				PRODUCT_BUNDLE_IDENTIFIER = "com.hwj.GCDDemo-Swfit";
				PRODUCT_NAME = "$(TARGET_NAME)";
				PROVISIONING_PROFILE_SPECIFIER = "";
				SWIFT_COMPILATION_MODE = wholemodule;
				SWIFT_OPTIMIZATION_LEVEL = "-O";
				SWIFT_VERSION = 5.0;
				TARGETED_DEVICE_FAMILY = "1,2";
			};
			name = Release;
		};
/* End XCBuildConfiguration section */

/* Begin XCConfigurationList section */
		3D0B58FC22DF1A16008CA63C /* Build configuration list for PBXProject "GCDDemo" */ = {
			isa = XCConfigurationList;
			buildConfigurations = (
				3D0B591522DF1A19008CA63C /* Debug */,
				3D0B591622DF1A19008CA63C /* Release */,
			);
			defaultConfigurationIsVisible = 0;
			defaultConfigurationName = Release;
		};
		3D0B591722DF1A19008CA63C /* Build configuration list for PBXNativeTarget "GCDDemo" */ = {
			isa = XCConfigurationList;
			buildConfigurations = (
				3D0B591822DF1A19008CA63C /* Debug */,
				3D0B591922DF1A19008CA63C /* Release */,
			);
			defaultConfigurationIsVisible = 0;
			defaultConfigurationName = Release;
		};
		3D0B592D22DF1A40008CA63C /* Build configuration list for PBXNativeTarget "GCDDemo-Swfit" */ = {
			isa = XCConfigurationList;
			buildConfigurations = (
				3D0B592E22DF1A40008CA63C /* Debug */,
				3D0B592F22DF1A40008CA63C /* Release */,
			);
			defaultConfigurationIsVisible = 0;
			defaultConfigurationName = Release;
		};
/* End XCConfigurationList section */
	};
	rootObject = 3D0B58F922DF1A16008CA63C /* Project object */;
}
